// !$*UTF8*$!
{
	archiveVersion = 1;
	classes = {
	};
	objectVersion = 46;
	objects = {

/* Begin PBXBuildFile section */
		048BDDAC1EA64BFF0098CB9D /* HECentralManager.m in Sources */ = {isa = PBXBuildFile; fileRef = 048BDDAB1EA64BFE0098CB9D /* HECentralManager.m */; };
		048BDDAF1EA64E330098CB9D /* HEBluetooth.m in Sources */ = {isa = PBXBuildFile; fileRef = 048BDDAE1EA64E330098CB9D /* HEBluetooth.m */; };
		048BDDB21EA6510F0098CB9D /* HEBluetoothUtility.m in Sources */ = {isa = PBXBuildFile; fileRef = 048BDDB11EA6510F0098CB9D /* HEBluetoothUtility.m */; };
		450A56FC1EA6FACF0021BF4F /* HEBluetoothOptions.m in Sources */ = {isa = PBXBuildFile; fileRef = 450A56FB1EA6FACF0021BF4F /* HEBluetoothOptions.m */; };
		450A56FF1EA6FB230021BF4F /* HEBluetoothCallback.m in Sources */ = {isa = PBXBuildFile; fileRef = 450A56FE1EA6FB230021BF4F /* HEBluetoothCallback.m */; };
		450A57411EA706CB0021BF4F /* HEBluetoothBridge.m in Sources */ = {isa = PBXBuildFile; fileRef = 450A57401EA706CB0021BF4F /* HEBluetoothBridge.m */; };
		4557F7821EA5BB4E006005B3 /* main.m in Sources */ = {isa = PBXBuildFile; fileRef = 4557F7811EA5BB4E006005B3 /* main.m */; };
		4557F7851EA5BB4E006005B3 /* AppDelegate.m in Sources */ = {isa = PBXBuildFile; fileRef = 4557F7841EA5BB4E006005B3 /* AppDelegate.m */; };
		4557F7881EA5BB4E006005B3 /* ViewController.m in Sources */ = {isa = PBXBuildFile; fileRef = 4557F7871EA5BB4E006005B3 /* ViewController.m */; };
		4557F78B1EA5BB4E006005B3 /* Main.storyboard in Resources */ = {isa = PBXBuildFile; fileRef = 4557F7891EA5BB4E006005B3 /* Main.storyboard */; };
		4557F78D1EA5BB4E006005B3 /* Assets.xcassets in Resources */ = {isa = PBXBuildFile; fileRef = 4557F78C1EA5BB4E006005B3 /* Assets.xcassets */; };
		4557F7901EA5BB4E006005B3 /* LaunchScreen.storyboard in Resources */ = {isa = PBXBuildFile; fileRef = 4557F78E1EA5BB4E006005B3 /* LaunchScreen.storyboard */; };
		4557F79B1EA5BB4E006005B3 /* HEBluetoothTests.m in Sources */ = {isa = PBXBuildFile; fileRef = 4557F79A1EA5BB4E006005B3 /* HEBluetoothTests.m */; };
		4557F7A61EA5BB4E006005B3 /* HEBluetoothUITests.m in Sources */ = {isa = PBXBuildFile; fileRef = 4557F7A51EA5BB4E006005B3 /* HEBluetoothUITests.m */; };
		4557F7B81EA5F644006005B3 /* CoreBluetooth.framework in Frameworks */ = {isa = PBXBuildFile; fileRef = 4557F7B71EA5F644006005B3 /* CoreBluetooth.framework */; };
/* End PBXBuildFile section */

/* Begin PBXContainerItemProxy section */
		4557F7971EA5BB4E006005B3 /* PBXContainerItemProxy */ = {
			isa = PBXContainerItemProxy;
			containerPortal = 4557F7751EA5BB4E006005B3 /* Project object */;
			proxyType = 1;
			remoteGlobalIDString = 4557F77C1EA5BB4E006005B3;
			remoteInfo = HEBluetooth;
		};
		4557F7A21EA5BB4E006005B3 /* PBXContainerItemProxy */ = {
			isa = PBXContainerItemProxy;
			containerPortal = 4557F7751EA5BB4E006005B3 /* Project object */;
			proxyType = 1;
			remoteGlobalIDString = 4557F77C1EA5BB4E006005B3;
			remoteInfo = HEBluetooth;
		};
/* End PBXContainerItemProxy section */

/* Begin PBXFileReference section */
		048BDDA91EA649F60098CB9D /* HEBluetoothDefine.h */ = {isa = PBXFileReference; lastKnownFileType = sourcecode.c.h; path = HEBluetoothDefine.h; sourceTree = "<group>"; };
		048BDDAA1EA64BFE0098CB9D /* HECentralManager.h */ = {isa = PBXFileReference; fileEncoding = 4; lastKnownFileType = sourcecode.c.h; path = HECentralManager.h; sourceTree = "<group>"; };
		048BDDAB1EA64BFE0098CB9D /* HECentralManager.m */ = {isa = PBXFileReference; fileEncoding = 4; lastKnownFileType = sourcecode.c.objc; path = HECentralManager.m; sourceTree = "<group>"; };
		048BDDAD1EA64E330098CB9D /* HEBluetooth.h */ = {isa = PBXFileReference; fileEncoding = 4; lastKnownFileType = sourcecode.c.h; path = HEBluetooth.h; sourceTree = "<group>"; };
		048BDDAE1EA64E330098CB9D /* HEBluetooth.m */ = {isa = PBXFileReference; fileEncoding = 4; lastKnownFileType = sourcecode.c.objc; path = HEBluetooth.m; sourceTree = "<group>"; };
		048BDDB01EA6510F0098CB9D /* HEBluetoothUtility.h */ = {isa = PBXFileReference; fileEncoding = 4; lastKnownFileType = sourcecode.c.h; path = HEBluetoothUtility.h; sourceTree = "<group>"; };
		048BDDB11EA6510F0098CB9D /* HEBluetoothUtility.m */ = {isa = PBXFileReference; fileEncoding = 4; lastKnownFileType = sourcecode.c.objc; path = HEBluetoothUtility.m; sourceTree = "<group>"; };
		450A56FA1EA6FACF0021BF4F /* HEBluetoothOptions.h */ = {isa = PBXFileReference; fileEncoding = 4; lastKnownFileType = sourcecode.c.h; path = HEBluetoothOptions.h; sourceTree = "<group>"; };
		450A56FB1EA6FACF0021BF4F /* HEBluetoothOptions.m */ = {isa = PBXFileReference; fileEncoding = 4; lastKnownFileType = sourcecode.c.objc; path = HEBluetoothOptions.m; sourceTree = "<group>"; };
		450A56FD1EA6FB230021BF4F /* HEBluetoothCallback.h */ = {isa = PBXFileReference; fileEncoding = 4; lastKnownFileType = sourcecode.c.h; path = HEBluetoothCallback.h; sourceTree = "<group>"; };
		450A56FE1EA6FB230021BF4F /* HEBluetoothCallback.m */ = {isa = PBXFileReference; fileEncoding = 4; lastKnownFileType = sourcecode.c.objc; path = HEBluetoothCallback.m; sourceTree = "<group>"; };
		450A573F1EA706CB0021BF4F /* HEBluetoothBridge.h */ = {isa = PBXFileReference; fileEncoding = 4; lastKnownFileType = sourcecode.c.h; path = HEBluetoothBridge.h; sourceTree = "<group>"; };
		450A57401EA706CB0021BF4F /* HEBluetoothBridge.m */ = {isa = PBXFileReference; fileEncoding = 4; lastKnownFileType = sourcecode.c.objc; path = HEBluetoothBridge.m; sourceTree = "<group>"; };
		4557F77D1EA5BB4E006005B3 /* HEBluetooth.app */ = {isa = PBXFileReference; explicitFileType = wrapper.application; includeInIndex = 0; path = HEBluetooth.app; sourceTree = BUILT_PRODUCTS_DIR; };
		4557F7811EA5BB4E006005B3 /* main.m */ = {isa = PBXFileReference; lastKnownFileType = sourcecode.c.objc; path = main.m; sourceTree = "<group>"; };
		4557F7831EA5BB4E006005B3 /* AppDelegate.h */ = {isa = PBXFileReference; lastKnownFileType = sourcecode.c.h; path = AppDelegate.h; sourceTree = "<group>"; };
		4557F7841EA5BB4E006005B3 /* AppDelegate.m */ = {isa = PBXFileReference; lastKnownFileType = sourcecode.c.objc; path = AppDelegate.m; sourceTree = "<group>"; };
		4557F7861EA5BB4E006005B3 /* ViewController.h */ = {isa = PBXFileReference; lastKnownFileType = sourcecode.c.h; path = ViewController.h; sourceTree = "<group>"; };
		4557F7871EA5BB4E006005B3 /* ViewController.m */ = {isa = PBXFileReference; lastKnownFileType = sourcecode.c.objc; path = ViewController.m; sourceTree = "<group>"; };
		4557F78A1EA5BB4E006005B3 /* Base */ = {isa = PBXFileReference; lastKnownFileType = file.storyboard; name = Base; path = Base.lproj/Main.storyboard; sourceTree = "<group>"; };
		4557F78C1EA5BB4E006005B3 /* Assets.xcassets */ = {isa = PBXFileReference; lastKnownFileType = folder.assetcatalog; path = Assets.xcassets; sourceTree = "<group>"; };
		4557F78F1EA5BB4E006005B3 /* Base */ = {isa = PBXFileReference; lastKnownFileType = file.storyboard; name = Base; path = Base.lproj/LaunchScreen.storyboard; sourceTree = "<group>"; };
		4557F7911EA5BB4E006005B3 /* Info.plist */ = {isa = PBXFileReference; lastKnownFileType = text.plist.xml; path = Info.plist; sourceTree = "<group>"; };
		4557F7961EA5BB4E006005B3 /* HEBluetoothTests.xctest */ = {isa = PBXFileReference; explicitFileType = wrapper.cfbundle; includeInIndex = 0; path = HEBluetoothTests.xctest; sourceTree = BUILT_PRODUCTS_DIR; };
		4557F79A1EA5BB4E006005B3 /* HEBluetoothTests.m */ = {isa = PBXFileReference; lastKnownFileType = sourcecode.c.objc; path = HEBluetoothTests.m; sourceTree = "<group>"; };
		4557F79C1EA5BB4E006005B3 /* Info.plist */ = {isa = PBXFileReference; lastKnownFileType = text.plist.xml; path = Info.plist; sourceTree = "<group>"; };
		4557F7A11EA5BB4E006005B3 /* HEBluetoothUITests.xctest */ = {isa = PBXFileReference; explicitFileType = wrapper.cfbundle; includeInIndex = 0; path = HEBluetoothUITests.xctest; sourceTree = BUILT_PRODUCTS_DIR; };
		4557F7A51EA5BB4E006005B3 /* HEBluetoothUITests.m */ = {isa = PBXFileReference; lastKnownFileType = sourcecode.c.objc; path = HEBluetoothUITests.m; sourceTree = "<group>"; };
		4557F7A71EA5BB4E006005B3 /* Info.plist */ = {isa = PBXFileReference; lastKnownFileType = text.plist.xml; path = Info.plist; sourceTree = "<group>"; };
		4557F7B71EA5F644006005B3 /* CoreBluetooth.framework */ = {isa = PBXFileReference; lastKnownFileType = wrapper.framework; name = CoreBluetooth.framework; path = System/Library/Frameworks/CoreBluetooth.framework; sourceTree = SDKROOT; };
/* End PBXFileReference section */

/* Begin PBXFrameworksBuildPhase section */
		4557F77A1EA5BB4E006005B3 /* Frameworks */ = {
			isa = PBXFrameworksBuildPhase;
			buildActionMask = 2147483647;
			files = (
				4557F7B81EA5F644006005B3 /* CoreBluetooth.framework in Frameworks */,
			);
			runOnlyForDeploymentPostprocessing = 0;
		};
		4557F7931EA5BB4E006005B3 /* Frameworks */ = {
			isa = PBXFrameworksBuildPhase;
			buildActionMask = 2147483647;
			files = (
			);
			runOnlyForDeploymentPostprocessing = 0;
		};
		4557F79E1EA5BB4E006005B3 /* Frameworks */ = {
			isa = PBXFrameworksBuildPhase;
			buildActionMask = 2147483647;
			files = (
			);
			runOnlyForDeploymentPostprocessing = 0;
		};
/* End PBXFrameworksBuildPhase section */

/* Begin PBXGroup section */
		048BDDA81EA649CC0098CB9D /* Bluetooth */ = {
			isa = PBXGroup;
			children = (
				048BDDA91EA649F60098CB9D /* HEBluetoothDefine.h */,
				048BDDAA1EA64BFE0098CB9D /* HECentralManager.h */,
				048BDDAB1EA64BFE0098CB9D /* HECentralManager.m */,
				048BDDAD1EA64E330098CB9D /* HEBluetooth.h */,
				048BDDAE1EA64E330098CB9D /* HEBluetooth.m */,
				048BDDB01EA6510F0098CB9D /* HEBluetoothUtility.h */,
				048BDDB11EA6510F0098CB9D /* HEBluetoothUtility.m */,
				450A573F1EA706CB0021BF4F /* HEBluetoothBridge.h */,
				450A57401EA706CB0021BF4F /* HEBluetoothBridge.m */,
				450A56FD1EA6FB230021BF4F /* HEBluetoothCallback.h */,
				450A56FE1EA6FB230021BF4F /* HEBluetoothCallback.m */,
				450A56FA1EA6FACF0021BF4F /* HEBluetoothOptions.h */,
				450A56FB1EA6FACF0021BF4F /* HEBluetoothOptions.m */,
			);
			path = Bluetooth;
			sourceTree = "<group>";
		};
		4557F7741EA5BB4E006005B3 = {
			isa = PBXGroup;
			children = (
				4557F77F1EA5BB4E006005B3 /* HEBluetooth */,
				4557F7991EA5BB4E006005B3 /* HEBluetoothTests */,
				4557F7A41EA5BB4E006005B3 /* HEBluetoothUITests */,
				4557F77E1EA5BB4E006005B3 /* Products */,
				4557F7B61EA5F644006005B3 /* Frameworks */,
			);
			sourceTree = "<group>";
		};
		4557F77E1EA5BB4E006005B3 /* Products */ = {
			isa = PBXGroup;
			children = (
				4557F77D1EA5BB4E006005B3 /* HEBluetooth.app */,
				4557F7961EA5BB4E006005B3 /* HEBluetoothTests.xctest */,
				4557F7A11EA5BB4E006005B3 /* HEBluetoothUITests.xctest */,
			);
			name = Products;
			sourceTree = "<group>";
		};
		4557F77F1EA5BB4E006005B3 /* HEBluetooth */ = {
			isa = PBXGroup;
			children = (
				4557F7831EA5BB4E006005B3 /* AppDelegate.h */,
				4557F7841EA5BB4E006005B3 /* AppDelegate.m */,
				4557F7861EA5BB4E006005B3 /* ViewController.h */,
				4557F7871EA5BB4E006005B3 /* ViewController.m */,
				4557F7891EA5BB4E006005B3 /* Main.storyboard */,
				048BDDA81EA649CC0098CB9D /* Bluetooth */,
				4557F78C1EA5BB4E006005B3 /* Assets.xcassets */,
				4557F78E1EA5BB4E006005B3 /* LaunchScreen.storyboard */,
				4557F7911EA5BB4E006005B3 /* Info.plist */,
				4557F7801EA5BB4E006005B3 /* Supporting Files */,
			);
			path = HEBluetooth;
			sourceTree = "<group>";
		};
		4557F7801EA5BB4E006005B3 /* Supporting Files */ = {
			isa = PBXGroup;
			children = (
				4557F7811EA5BB4E006005B3 /* main.m */,
			);
			name = "Supporting Files";
			sourceTree = "<group>";
		};
		4557F7991EA5BB4E006005B3 /* HEBluetoothTests */ = {
			isa = PBXGroup;
			children = (
				4557F79A1EA5BB4E006005B3 /* HEBluetoothTests.m */,
				4557F79C1EA5BB4E006005B3 /* Info.plist */,
			);
			path = HEBluetoothTests;
			sourceTree = "<group>";
		};
		4557F7A41EA5BB4E006005B3 /* HEBluetoothUITests */ = {
			isa = PBXGroup;
			children = (
				4557F7A51EA5BB4E006005B3 /* HEBluetoothUITests.m */,
				4557F7A71EA5BB4E006005B3 /* Info.plist */,
			);
			path = HEBluetoothUITests;
			sourceTree = "<group>";
		};
		4557F7B61EA5F644006005B3 /* Frameworks */ = {
			isa = PBXGroup;
			children = (
				4557F7B71EA5F644006005B3 /* CoreBluetooth.framework */,
			);
			name = Frameworks;
			sourceTree = "<group>";
		};
/* End PBXGroup section */

/* Begin PBXNativeTarget section */
		4557F77C1EA5BB4E006005B3 /* HEBluetooth */ = {
			isa = PBXNativeTarget;
			buildConfigurationList = 4557F7AA1EA5BB4E006005B3 /* Build configuration list for PBXNativeTarget "HEBluetooth" */;
			buildPhases = (
				4557F7791EA5BB4E006005B3 /* Sources */,
				4557F77A1EA5BB4E006005B3 /* Frameworks */,
				4557F77B1EA5BB4E006005B3 /* Resources */,
			);
			buildRules = (
			);
			dependencies = (
			);
			name = HEBluetooth;
			productName = HEBluetooth;
			productReference = 4557F77D1EA5BB4E006005B3 /* HEBluetooth.app */;
			productType = "com.apple.product-type.application";
		};
		4557F7951EA5BB4E006005B3 /* HEBluetoothTests */ = {
			isa = PBXNativeTarget;
			buildConfigurationList = 4557F7AD1EA5BB4E006005B3 /* Build configuration list for PBXNativeTarget "HEBluetoothTests" */;
			buildPhases = (
				4557F7921EA5BB4E006005B3 /* Sources */,
				4557F7931EA5BB4E006005B3 /* Frameworks */,
				4557F7941EA5BB4E006005B3 /* Resources */,
			);
			buildRules = (
			);
			dependencies = (
				4557F7981EA5BB4E006005B3 /* PBXTargetDependency */,
			);
			name = HEBluetoothTests;
			productName = HEBluetoothTests;
			productReference = 4557F7961EA5BB4E006005B3 /* HEBluetoothTests.xctest */;
			productType = "com.apple.product-type.bundle.unit-test";
		};
		4557F7A01EA5BB4E006005B3 /* HEBluetoothUITests */ = {
			isa = PBXNativeTarget;
			buildConfigurationList = 4557F7B01EA5BB4E006005B3 /* Build configuration list for PBXNativeTarget "HEBluetoothUITests" */;
			buildPhases = (
				4557F79D1EA5BB4E006005B3 /* Sources */,
				4557F79E1EA5BB4E006005B3 /* Frameworks */,
				4557F79F1EA5BB4E006005B3 /* Resources */,
			);
			buildRules = (
			);
			dependencies = (
				4557F7A31EA5BB4E006005B3 /* PBXTargetDependency */,
			);
			name = HEBluetoothUITests;
			productName = HEBluetoothUITests;
			productReference = 4557F7A11EA5BB4E006005B3 /* HEBluetoothUITests.xctest */;
			productType = "com.apple.product-type.bundle.ui-testing";
		};
/* End PBXNativeTarget section */

/* Begin PBXProject section */
		4557F7751EA5BB4E006005B3 /* Project object */ = {
			isa = PBXProject;
			attributes = {
				CLASSPREFIX = HE;
				LastUpgradeCheck = 0830;
				ORGANIZATIONNAME = com.fumubang;
				TargetAttributes = {
					4557F77C1EA5BB4E006005B3 = {
						CreatedOnToolsVersion = 8.3;
						DevelopmentTeam = KY78F3P96D;
						ProvisioningStyle = Automatic;
					};
					4557F7951EA5BB4E006005B3 = {
						CreatedOnToolsVersion = 8.3;
						ProvisioningStyle = Automatic;
						TestTargetID = 4557F77C1EA5BB4E006005B3;
					};
					4557F7A01EA5BB4E006005B3 = {
						CreatedOnToolsVersion = 8.3;
						ProvisioningStyle = Automatic;
						TestTargetID = 4557F77C1EA5BB4E006005B3;
					};
				};
			};
			buildConfigurationList = 4557F7781EA5BB4E006005B3 /* Build configuration list for PBXProject "HEBluetooth" */;
			compatibilityVersion = "Xcode 3.2";
			developmentRegion = English;
			hasScannedForEncodings = 0;
			knownRegions = (
				en,
				Base,
			);
			mainGroup = 4557F7741EA5BB4E006005B3;
			productRefGroup = 4557F77E1EA5BB4E006005B3 /* Products */;
			projectDirPath = "";
			projectRoot = "";
			targets = (
				4557F77C1EA5BB4E006005B3 /* HEBluetooth */,
				4557F7951EA5BB4E006005B3 /* HEBluetoothTests */,
				4557F7A01EA5BB4E006005B3 /* HEBluetoothUITests */,
			);
		};
/* End PBXProject section */

/* Begin PBXResourcesBuildPhase section */
		4557F77B1EA5BB4E006005B3 /* Resources */ = {
			isa = PBXResourcesBuildPhase;
			buildActionMask = 2147483647;
			files = (
				4557F7901EA5BB4E006005B3 /* LaunchScreen.storyboard in Resources */,
				4557F78D1EA5BB4E006005B3 /* Assets.xcassets in Resources */,
				4557F78B1EA5BB4E006005B3 /* Main.storyboard in Resources */,
			);
			runOnlyForDeploymentPostprocessing = 0;
		};
		4557F7941EA5BB4E006005B3 /* Resources */ = {
			isa = PBXResourcesBuildPhase;
			buildActionMask = 2147483647;
			files = (
			);
			runOnlyForDeploymentPostprocessing = 0;
		};
		4557F79F1EA5BB4E006005B3 /* Resources */ = {
			isa = PBXResourcesBuildPhase;
			buildActionMask = 2147483647;
			files = (
			);
			runOnlyForDeploymentPostprocessing = 0;
		};
/* End PBXResourcesBuildPhase section */

/* Begin PBXSourcesBuildPhase section */
		4557F7791EA5BB4E006005B3 /* Sources */ = {
			isa = PBXSourcesBuildPhase;
			buildActionMask = 2147483647;
			files = (
				450A56FF1EA6FB230021BF4F /* HEBluetoothCallback.m in Sources */,
				048BDDAF1EA64E330098CB9D /* HEBluetooth.m in Sources */,
				4557F7881EA5BB4E006005B3 /* ViewController.m in Sources */,
				048BDDB21EA6510F0098CB9D /* HEBluetoothUtility.m in Sources */,
				4557F7851EA5BB4E006005B3 /* AppDelegate.m in Sources */,
				048BDDAC1EA64BFF0098CB9D /* HECentralManager.m in Sources */,
				450A56FC1EA6FACF0021BF4F /* HEBluetoothOptions.m in Sources */,
				450A57411EA706CB0021BF4F /* HEBluetoothBridge.m in Sources */,
				4557F7821EA5BB4E006005B3 /* main.m in Sources */,
			);
			runOnlyForDeploymentPostprocessing = 0;
		};
		4557F7921EA5BB4E006005B3 /* Sources */ = {
			isa = PBXSourcesBuildPhase;
			buildActionMask = 2147483647;
			files = (
				4557F79B1EA5BB4E006005B3 /* HEBluetoothTests.m in Sources */,
			);
			runOnlyForDeploymentPostprocessing = 0;
		};
		4557F79D1EA5BB4E006005B3 /* Sources */ = {
			isa = PBXSourcesBuildPhase;
			buildActionMask = 2147483647;
			files = (
				4557F7A61EA5BB4E006005B3 /* HEBluetoothUITests.m in Sources */,
			);
			runOnlyForDeploymentPostprocessing = 0;
		};
/* End PBXSourcesBuildPhase section */

/* Begin PBXTargetDependency section */
		4557F7981EA5BB4E006005B3 /* PBXTargetDependency */ = {
			isa = PBXTargetDependency;
			target = 4557F77C1EA5BB4E006005B3 /* HEBluetooth */;
			targetProxy = 4557F7971EA5BB4E006005B3 /* PBXContainerItemProxy */;
		};
		4557F7A31EA5BB4E006005B3 /* PBXTargetDependency */ = {
			isa = PBXTargetDependency;
			target = 4557F77C1EA5BB4E006005B3 /* HEBluetooth */;
			targetProxy = 4557F7A21EA5BB4E006005B3 /* PBXContainerItemProxy */;
		};
/* End PBXTargetDependency section */

/* Begin PBXVariantGroup section */
		4557F7891EA5BB4E006005B3 /* Main.storyboard */ = {
			isa = PBXVariantGroup;
			children = (
				4557F78A1EA5BB4E006005B3 /* Base */,
			);
			name = Main.storyboard;
			sourceTree = "<group>";
		};
		4557F78E1EA5BB4E006005B3 /* LaunchScreen.storyboard */ = {
			isa = PBXVariantGroup;
			children = (
				4557F78F1EA5BB4E006005B3 /* Base */,
			);
			name = LaunchScreen.storyboard;
			sourceTree = "<group>";
		};
/* End PBXVariantGroup section */

/* Begin XCBuildConfiguration section */
		4557F7A81EA5BB4E006005B3 /* Debug */ = {
			isa = XCBuildConfiguration;
			buildSettings = {
				ALWAYS_SEARCH_USER_PATHS = NO;
				CLANG_ANALYZER_NONNULL = YES;
				CLANG_ANALYZER_NUMBER_OBJECT_CONVERSION = YES_AGGRESSIVE;
				CLANG_CXX_LANGUAGE_STANDARD = "gnu++0x";
				CLANG_CXX_LIBRARY = "libc++";
				CLANG_ENABLE_MODULES = YES;
				CLANG_ENABLE_OBJC_ARC = YES;
				CLANG_WARN_BOOL_CONVERSION = YES;
				CLANG_WARN_CONSTANT_CONVERSION = YES;
				CLANG_WARN_DIRECT_OBJC_ISA_USAGE = YES_ERROR;
				CLANG_WARN_DOCUMENTATION_COMMENTS = YES;
				CLANG_WARN_EMPTY_BODY = YES;
				CLANG_WARN_ENUM_CONVERSION = YES;
				CLANG_WARN_INFINITE_RECURSION = YES;
				CLANG_WARN_INT_CONVERSION = YES;
				CLANG_WARN_OBJC_ROOT_CLASS = YES_ERROR;
				CLANG_WARN_SUSPICIOUS_MOVE = YES;
				CLANG_WARN_UNREACHABLE_CODE = YES;
				CLANG_WARN__DUPLICATE_METHOD_MATCH = YES;
				"CODE_SIGN_IDENTITY[sdk=iphoneos*]" = "iPhone Developer";
				COPY_PHASE_STRIP = NO;
				DEBUG_INFORMATION_FORMAT = dwarf;
				ENABLE_STRICT_OBJC_MSGSEND = YES;
				ENABLE_TESTABILITY = YES;
				GCC_C_LANGUAGE_STANDARD = gnu99;
				GCC_DYNAMIC_NO_PIC = NO;
				GCC_NO_COMMON_BLOCKS = YES;
				GCC_OPTIMIZATION_LEVEL = 0;
				GCC_PREPROCESSOR_DEFINITIONS = (
					"DEBUG=1",
					"$(inherited)",
				);
				GCC_WARN_64_TO_32_BIT_CONVERSION = YES;
				GCC_WARN_ABOUT_RETURN_TYPE = YES_ERROR;
				GCC_WARN_UNDECLARED_SELECTOR = YES;
				GCC_WARN_UNINITIALIZED_AUTOS = YES_AGGRESSIVE;
				GCC_WARN_UNUSED_FUNCTION = YES;
				GCC_WARN_UNUSED_VARIABLE = YES;
				IPHONEOS_DEPLOYMENT_TARGET = 10.3;
				MTL_ENABLE_DEBUG_INFO = YES;
				ONLY_ACTIVE_ARCH = YES;
				SDKROOT = iphoneos;
			};
			name = Debug;
		};
		4557F7A91EA5BB4E006005B3 /* Release */ = {
			isa = XCBuildConfiguration;
			buildSettings = {
				ALWAYS_SEARCH_USER_PATHS = NO;
				CLANG_ANALYZER_NONNULL = YES;
				CLANG_ANALYZER_NUMBER_OBJECT_CONVERSION = YES_AGGRESSIVE;
				CLANG_CXX_LANGUAGE_STANDARD = "gnu++0x";
				CLANG_CXX_LIBRARY = "libc++";
				CLANG_ENABLE_MODULES = YES;
				CLANG_ENABLE_OBJC_ARC = YES;
				CLANG_WARN_BOOL_CONVERSION = YES;
				CLANG_WARN_CONSTANT_CONVERSION = YES;
				CLANG_WARN_DIRECT_OBJC_ISA_USAGE = YES_ERROR;
				CLANG_WARN_DOCUMENTATION_COMMENTS = YES;
				CLANG_WARN_EMPTY_BODY = YES;
				CLANG_WARN_ENUM_CONVERSION = YES;
				CLANG_WARN_INFINITE_RECURSION = YES;
				CLANG_WARN_INT_CONVERSION = YES;
				CLANG_WARN_OBJC_ROOT_CLASS = YES_ERROR;
				CLANG_WARN_SUSPICIOUS_MOVE = YES;
				CLANG_WARN_UNREACHABLE_CODE = YES;
				CLANG_WARN__DUPLICATE_METHOD_MATCH = YES;
				"CODE_SIGN_IDENTITY[sdk=iphoneos*]" = "iPhone Developer";
				COPY_PHASE_STRIP = NO;
				DEBUG_INFORMATION_FORMAT = "dwarf-with-dsym";
				ENABLE_NS_ASSERTIONS = NO;
				ENABLE_STRICT_OBJC_MSGSEND = YES;
				GCC_C_LANGUAGE_STANDARD = gnu99;
				GCC_NO_COMMON_BLOCKS = YES;
				GCC_WARN_64_TO_32_BIT_CONVERSION = YES;
				GCC_WARN_ABOUT_RETURN_TYPE = YES_ERROR;
				GCC_WARN_UNDECLARED_SELECTOR = YES;
				GCC_WARN_UNINITIALIZED_AUTOS = YES_AGGRESSIVE;
				GCC_WARN_UNUSED_FUNCTION = YES;
				GCC_WARN_UNUSED_VARIABLE = YES;
				IPHONEOS_DEPLOYMENT_TARGET = 10.3;
				MTL_ENABLE_DEBUG_INFO = NO;
				SDKROOT = iphoneos;
				VALIDATE_PRODUCT = YES;
			};
			name = Release;
		};
		4557F7AB1EA5BB4E006005B3 /* Debug */ = {
			isa = XCBuildConfiguration;
			buildSettings = {
				ASSETCATALOG_COMPILER_APPICON_NAME = AppIcon;
				DEVELOPMENT_TEAM = KY78F3P96D;
				INFOPLIST_FILE = HEBluetooth/Info.plist;
				IPHONEOS_DEPLOYMENT_TARGET = 8.0;
				LD_RUNPATH_SEARCH_PATHS = "$(inherited) @executable_path/Frameworks";
				PRODUCT_BUNDLE_IDENTIFIER = com.fumubang.HEBluetooth;
				PRODUCT_NAME = "$(TARGET_NAME)";
			};
			name = Debug;
		};
		4557F7AC1EA5BB4E006005B3 /* Release */ = {
			isa = XCBuildConfiguration;
			buildSettings = {
				ASSETCATALOG_COMPILER_APPICON_NAME = AppIcon;
				DEVELOPMENT_TEAM = KY78F3P96D;
				INFOPLIST_FILE = HEBluetooth/Info.plist;
				IPHONEOS_DEPLOYMENT_TARGET = 8.0;
				LD_RUNPATH_SEARCH_PATHS = "$(inherited) @executable_path/Frameworks";
				PRODUCT_BUNDLE_IDENTIFIER = com.fumubang.HEBluetooth;
				PRODUCT_NAME = "$(TARGET_NAME)";
			};
			name = Release;
		};
		4557F7AE1EA5BB4E006005B3 /* Debug */ = {
			isa = XCBuildConfiguration;
			buildSettings = {
				BUNDLE_LOADER = "$(TEST_HOST)";
				INFOPLIST_FILE = HEBluetoothTests/Info.plist;
				LD_RUNPATH_SEARCH_PATHS = "$(inherited) @executable_path/Frameworks @loader_path/Frameworks";
				PRODUCT_BUNDLE_IDENTIFIER = com.fumubang.HEBluetoothTests;
				PRODUCT_NAME = "$(TARGET_NAME)";
				TEST_HOST = "$(BUILT_PRODUCTS_DIR)/HEBluetooth.app/HEBluetooth";
			};
			name = Debug;
		};
		4557F7AF1EA5BB4E006005B3 /* Release */ = {
			isa = XCBuildConfiguration;
			buildSettings = {
				BUNDLE_LOADER = "$(TEST_HOST)";
				INFOPLIST_FILE = HEBluetoothTests/Info.plist;
				LD_RUNPATH_SEARCH_PATHS = "$(inherited) @executable_path/Frameworks @loader_path/Frameworks";
				PRODUCT_BUNDLE_IDENTIFIER = com.fumubang.HEBluetoothTests;
				PRODUCT_NAME = "$(TARGET_NAME)";
				TEST_HOST = "$(BUILT_PRODUCTS_DIR)/HEBluetooth.app/HEBluetooth";
			};
			name = Release;
		};
		4557F7B11EA5BB4E006005B3 /* Debug */ = {
			isa = XCBuildConfiguration;
			buildSettings = {
				INFOPLIST_FILE = HEBluetoothUITests/Info.plist;
				LD_RUNPATH_SEARCH_PATHS = "$(inherited) @executable_path/Frameworks @loader_path/Frameworks";
				PRODUCT_BUNDLE_IDENTIFIER = com.fumubang.HEBluetoothUITests;
				PRODUCT_NAME = "$(TARGET_NAME)";
				TEST_TARGET_NAME = HEBluetooth;
			};
			name = Debug;
		};
		4557F7B21EA5BB4E006005B3 /* Release */ = {
			isa = XCBuildConfiguration;
			buildSettings = {
				INFOPLIST_FILE = HEBluetoothUITests/Info.plist;
				LD_RUNPATH_SEARCH_PATHS = "$(inherited) @executable_path/Frameworks @loader_path/Frameworks";
				PRODUCT_BUNDLE_IDENTIFIER = com.fumubang.HEBluetoothUITests;
				PRODUCT_NAME = "$(TARGET_NAME)";
				TEST_TARGET_NAME = HEBluetooth;
			};
			name = Release;
		};
/* End XCBuildConfiguration section */

/* Begin XCConfigurationList section */
		4557F7781EA5BB4E006005B3 /* Build configuration list for PBXProject "HEBluetooth" */ = {
			isa = XCConfigurationList;
			buildConfigurations = (
				4557F7A81EA5BB4E006005B3 /* Debug */,
				4557F7A91EA5BB4E006005B3 /* Release */,
			);
			defaultConfigurationIsVisible = 0;
			defaultConfigurationName = Release;
		};
		4557F7AA1EA5BB4E006005B3 /* Build configuration list for PBXNativeTarget "HEBluetooth" */ = {
			isa = XCConfigurationList;
			buildConfigurations = (
				4557F7AB1EA5BB4E006005B3 /* Debug */,
				4557F7AC1EA5BB4E006005B3 /* Release */,
			);
			defaultConfigurationIsVisible = 0;
			defaultConfigurationName = Release;
		};
		4557F7AD1EA5BB4E006005B3 /* Build configuration list for PBXNativeTarget "HEBluetoothTests" */ = {
			isa = XCConfigurationList;
			buildConfigurations = (
				4557F7AE1EA5BB4E006005B3 /* Debug */,
				4557F7AF1EA5BB4E006005B3 /* Release */,
			);
			defaultConfigurationIsVisible = 0;
			defaultConfigurationName = Release;
		};
		4557F7B01EA5BB4E006005B3 /* Build configuration list for PBXNativeTarget "HEBluetoothUITests" */ = {
			isa = XCConfigurationList;
			buildConfigurations = (
				4557F7B11EA5BB4E006005B3 /* Debug */,
				4557F7B21EA5BB4E006005B3 /* Release */,
			);
			defaultConfigurationIsVisible = 0;
			defaultConfigurationName = Release;
		};
/* End XCConfigurationList section */
	};
	rootObject = 4557F7751EA5BB4E006005B3 /* Project object */;
}
